
Microsoft Visual Studio Solution File, Format Version 12.00
# Visual Studio Version 16
VisualStudioVersion = 16.0.30114.105
MinimumVisualStudioVersion = 10.0.40219.1
Project("{9A19103F-16F7-4668-BE54-9A1E7A4F7556}") = "BlazorList", "BlazorList\BlazorList.csproj", "{C7F2548E-BC57-4878-86FC-4838C0D183EB}"
EndProject
Global
	GlobalSection(SolutionConfigurationPlatforms) = preSolution
		Debug|Any CPU = Debug|Any CPU
		Release|Any CPU = Release|Any CPU
	EndGlobalSection
	GlobalSection(ProjectConfigurationPlatforms) = postSolution
		{C7F2548E-BC57-4878-86FC-4838C0D183EB}.Debug|Any CPU.ActiveCfg = Debug|Any CPU
		{C7F2548E-BC57-4878-86FC-4838C0D183EB}.Debug|Any CPU.Build.0 = Debug|Any CPU
		{C7F2548E-BC57-4878-86FC-4838C0D183EB}.Release|Any CPU.ActiveCfg = Release|Any CPU
		{C7F2548E-BC57-4878-86FC-4838C0D183EB}.Release|Any CPU.Build.0 = Release|Any CPU
	EndGlobalSection
	GlobalSection(SolutionProperties) = preSolution
		HideSolutionNode = FALSE
	EndGlobalSection
	GlobalSection(ExtensibilityGlobals) = postSolution
		SolutionGuid = {58792746-60FA-4D5E-8491-C1D8CC657470}
	EndGlobalSection
EndGlobal
